// !$*UTF8*$!
{
	archiveVersion = 1;
	classes = {
	};
	objectVersion = 50;
	objects = {

/* Begin PBXBuildFile section */
		134CB3BB2FFFCA0C003AB703 /* DetailAcadamicInstitutionView.swift in Sources */ = {isa = PBXBuildFile; fileRef = 134CB3BA2FFFCA0C003AB703 /* DetailAcadamicInstitutionView.swift */; };
		13DA891A3000CEE000982B69 /* AcadamicModel.swift in Sources */ = {isa = PBXBuildFile; fileRef = 13DA89193000CED300982B69 /* AcadamicModel.swift */; };
		2138A72A2FFF7F6B0025A8AC /* DetailAcadamicHeaderView.swift in Sources */ = {isa = PBXBuildFile; fileRef = 2138A7292FFF7F6B0025A8AC /* DetailAcadamicHeaderView.swift */; };
		2138A7302FFF80B70025A8AC /* DetailAcadamicCoreMetrixView.swift in Sources */ = {isa = PBXBuildFile; fileRef = 2138A72F2FFF80B70025A8AC /* DetailAcadamicCoreMetrixView.swift */; };
		2138A7332FFF81A20025A8AC /* DetailAcadamicEnrolledSubjectView.swift in Sources */ = {isa = PBXBuildFile; fileRef = 2138A7322FFF81A20025A8AC /* DetailAcadamicEnrolledSubjectView.swift */; };
		2138A7372FFF877F0025A8AC /* AcadamicEditView.swift in Sources */ = {isa = PBXBuildFile; fileRef = 2138A7362FFF877F0025A8AC /* AcadamicEditView.swift */; };
		2138A73F2FFFA3C20025A8AC /* ProfileUnavailableView.swift in Sources */ = {isa = PBXBuildFile; fileRef = 2138A73E2FFFA3C20025A8AC /* ProfileUnavailableView.swift */; };
		2138A7422FFFA9140025A8AC /* AcademicInputField.swift in Sources */ = {isa = PBXBuildFile; fileRef = 2138A7412FFFA9140025A8AC /* AcademicInputField.swift */; };
		2138A7452FFFA95A0025A8AC /* AcadamicEditHeaderView.swift in Sources */ = {isa = PBXBuildFile; fileRef = 2138A7442FFFA95A0025A8AC /* AcadamicEditHeaderView.swift */; };
		2138A74A2FFFAAA50025A8AC /* AcadamicInstitutionEditView.swift in Sources */ = {isa = PBXBuildFile; fileRef = 2138A7492FFFAAA50025A8AC /* AcadamicInstitutionEditView.swift */; };
		2138A74D2FFFABDB0025A8AC /* AcadamicEdit_Id_Performance.swift in Sources */ = {isa = PBXBuildFile; fileRef = 2138A74C2FFFABDB0025A8AC /* AcadamicEdit_Id_Performance.swift */; };
		2138A7502FFFACD70025A8AC /* AcadamicEditCreditView.swift in Sources */ = {isa = PBXBuildFile; fileRef = 2138A74F2FFFACD70025A8AC /* AcadamicEditCreditView.swift */; };
		219A37612FFCDC1400429F8B /* StudentProfileApp.swift in Sources */ = {isa = PBXBuildFile; fileRef = 219A37602FFCDC1400429F8B /* StudentProfileApp.swift */; };
		219A37632FFCDC1400429F8B /* ContentView.swift in Sources */ = {isa = PBXBuildFile; fileRef = 219A37622FFCDC1400429F8B /* ContentView.swift */; };
		219A37652FFCDC1700429F8B /* Assets.xcassets in Resources */ = {isa = PBXBuildFile; fileRef = 219A37642FFCDC1700429F8B /* Assets.xcassets */; };
		219A37682FFCDC1700429F8B /* Preview Assets.xcassets in Resources */ = {isa = PBXBuildFile; fileRef = 219A37672FFCDC1700429F8B /* Preview Assets.xcassets */; };
		219A37722FFD08EC00429F8B /* CardView.swift in Sources */ = {isa = PBXBuildFile; fileRef = 219A37712FFD08EC00429F8B /* CardView.swift */; };
		219A37762FFD096000429F8B /* UserProfileView.swift in Sources */ = {isa = PBXBuildFile; fileRef = 219A37752FFD096000429F8B /* UserProfileView.swift */; };
		219A37792FFD0A4300429F8B /* UserAboutView.swift in Sources */ = {isa = PBXBuildFile; fileRef = 219A37782FFD0A4300429F8B /* UserAboutView.swift */; };
		219A377C2FFD0AD000429F8B /* SkillsView.swift in Sources */ = {isa = PBXBuildFile; fileRef = 219A377B2FFD0AD000429F8B /* SkillsView.swift */; };
		219A37802FFD14B900429F8B /* SkillModel.swift in Sources */ = {isa = PBXBuildFile; fileRef = 219A377F2FFD14B900429F8B /* SkillModel.swift */; };
		219A378D2FFD16BF00429F8B /* SubjectModel.swift in Sources */ = {isa = PBXBuildFile; fileRef = 219A378C2FFD16BF00429F8B /* SubjectModel.swift */; };
		219A37902FFD1DA800429F8B /* HeaderView.swift in Sources */ = {isa = PBXBuildFile; fileRef = 219A378F2FFD1DA800429F8B /* HeaderView.swift */; };
		219A37972FFD247500429F8B /* ProfileSetting.swift in Sources */ = {isa = PBXBuildFile; fileRef = 219A37962FFD247500429F8B /* ProfileSetting.swift */; };
		219A379B2FFD2DCC00429F8B /* ProfileEditView.swift in Sources */ = {isa = PBXBuildFile; fileRef = 219A379A2FFD2DCC00429F8B /* ProfileEditView.swift */; };
		21B9F5182FFE2A4200C084EF /* UserEditHeaderView.swift in Sources */ = {isa = PBXBuildFile; fileRef = 21B9F5172FFE2A4200C084EF /* UserEditHeaderView.swift */; };
		21B9F51B2FFE2A9B00C084EF /* CustomTextField.swift in Sources */ = {isa = PBXBuildFile; fileRef = 21B9F51A2FFE2A9B00C084EF /* CustomTextField.swift */; };
		21B9F51E2FFE2ACC00C084EF /* UserEditFieldsView.swift in Sources */ = {isa = PBXBuildFile; fileRef = 21B9F51D2FFE2ACC00C084EF /* UserEditFieldsView.swift */; };
		21B9F5212FFE2B0800C084EF /* HeroSectionView.swift in Sources */ = {isa = PBXBuildFile; fileRef = 21B9F5202FFE2B0800C084EF /* HeroSectionView.swift */; };
		21B9F5242FFE2B3300C084EF /* UserImageView.swift in Sources */ = {isa = PBXBuildFile; fileRef = 21B9F5232FFE2B3300C084EF /* UserImageView.swift */; };
		21B9F5272FFE4BE500C084EF /* AcadamicInfoView.swift in Sources */ = {isa = PBXBuildFile; fileRef = 21B9F5262FFE4BE500C084EF /* AcadamicInfoView.swift */; };
		21B9F52A2FFE56C300C084EF /* UserPersonalView.swift in Sources */ = {isa = PBXBuildFile; fileRef = 21B9F5292FFE56C300C084EF /* UserPersonalView.swift */; };
		21B9F52E2FFE5DBD00C084EF /* DetailAcadamicView.swift in Sources */ = {isa = PBXBuildFile; fileRef = 21B9F52D2FFE5DBD00C084EF /* DetailAcadamicView.swift */; };
		21B9F5332FFE617400C084EF /* StudentProfileModel.xcdatamodeld in Sources */ = {isa = PBXBuildFile; fileRef = 21B9F5312FFE617400C084EF /* StudentProfileModel.xcdatamodeld */; };
		21B9F53B2FFE626400C084EF /* PersistenceController.swift in Sources */ = {isa = PBXBuildFile; fileRef = 21B9F53A2FFE626400C084EF /* PersistenceController.swift */; };
		21B9F53F2FFE72C500C084EF /* Extensions.swift in Sources */ = {isa = PBXBuildFile; fileRef = 21B9F53E2FFE72C500C084EF /* Extensions.swift */; };
/* End PBXBuildFile section */

/* Begin PBXFileReference section */
		134CB3BA2FFFCA0C003AB703 /* DetailAcadamicInstitutionView.swift */ = {isa = PBXFileReference; lastKnownFileType = sourcecode.swift; path = DetailAcadamicInstitutionView.swift; sourceTree = "<group>"; };
		13DA89193000CED300982B69 /* AcadamicModel.swift */ = {isa = PBXFileReference; lastKnownFileType = sourcecode.swift; path = AcadamicModel.swift; sourceTree = "<group>"; };
		2138A7292FFF7F6B0025A8AC /* DetailAcadamicHeaderView.swift */ = {isa = PBXFileReference; lastKnownFileType = sourcecode.swift; path = DetailAcadamicHeaderView.swift; sourceTree = "<group>"; };
		2138A72F2FFF80B70025A8AC /* DetailAcadamicCoreMetrixView.swift */ = {isa = PBXFileReference; lastKnownFileType = sourcecode.swift; path = DetailAcadamicCoreMetrixView.swift; sourceTree = "<group>"; };
		2138A7322FFF81A20025A8AC /* DetailAcadamicEnrolledSubjectView.swift */ = {isa = PBXFileReference; lastKnownFileType = sourcecode.swift; path = DetailAcadamicEnrolledSubjectView.swift; sourceTree = "<group>"; };
		2138A7362FFF877F0025A8AC /* AcadamicEditView.swift */ = {isa = PBXFileReference; lastKnownFileType = sourcecode.swift; path = AcadamicEditView.swift; sourceTree = "<group>"; };
		2138A73E2FFFA3C20025A8AC /* ProfileUnavailableView.swift */ = {isa = PBXFileReference; lastKnownFileType = sourcecode.swift; path = ProfileUnavailableView.swift; sourceTree = "<group>"; };
		2138A7412FFFA9140025A8AC /* AcademicInputField.swift */ = {isa = PBXFileReference; lastKnownFileType = sourcecode.swift; path = AcademicInputField.swift; sourceTree = "<group>"; };
		2138A7442FFFA95A0025A8AC /* AcadamicEditHeaderView.swift */ = {isa = PBXFileReference; lastKnownFileType = sourcecode.swift; path = AcadamicEditHeaderView.swift; sourceTree = "<group>"; };
		2138A7492FFFAAA50025A8AC /* AcadamicInstitutionEditView.swift */ = {isa = PBXFileReference; lastKnownFileType = sourcecode.swift; path = AcadamicInstitutionEditView.swift; sourceTree = "<group>"; };
		2138A74C2FFFABDB0025A8AC /* AcadamicEdit_Id_Performance.swift */ = {isa = PBXFileReference; lastKnownFileType = sourcecode.swift; path = AcadamicEdit_Id_Performance.swift; sourceTree = "<group>"; };
		2138A74F2FFFACD70025A8AC /* AcadamicEditCreditView.swift */ = {isa = PBXFileReference; lastKnownFileType = sourcecode.swift; path = AcadamicEditCreditView.swift; sourceTree = "<group>"; };
		219A375D2FFCDC1400429F8B /* StudentProfile.app */ = {isa = PBXFileReference; explicitFileType = wrapper.application; includeInIndex = 0; path = StudentProfile.app; sourceTree = BUILT_PRODUCTS_DIR; };
		219A37602FFCDC1400429F8B /* StudentProfileApp.swift */ = {isa = PBXFileReference; lastKnownFileType = sourcecode.swift; path = StudentProfileApp.swift; sourceTree = "<group>"; };
		219A37622FFCDC1400429F8B /* ContentView.swift */ = {isa = PBXFileReference; lastKnownFileType = sourcecode.swift; path = ContentView.swift; sourceTree = "<group>"; };
		219A37642FFCDC1700429F8B /* Assets.xcassets */ = {isa = PBXFileReference; lastKnownFileType = folder.assetcatalog; path = Assets.xcassets; sourceTree = "<group>"; };
		219A37672FFCDC1700429F8B /* Preview Assets.xcassets */ = {isa = PBXFileReference; lastKnownFileType = folder.assetcatalog; path = "Preview Assets.xcassets"; sourceTree = "<group>"; };
		219A37692FFCDC1700429F8B /* Info.plist */ = {isa = PBXFileReference; lastKnownFileType = text.plist.xml; path = Info.plist; sourceTree = "<group>"; };
		219A37712FFD08EC00429F8B /* CardView.swift */ = {isa = PBXFileReference; lastKnownFileType = sourcecode.swift; path = CardView.swift; sourceTree = "<group>"; };
		219A37752FFD096000429F8B /* UserProfileView.swift */ = {isa = PBXFileReference; lastKnownFileType = sourcecode.swift; path = UserProfileView.swift; sourceTree = "<group>"; };
		219A37782FFD0A4300429F8B /* UserAboutView.swift */ = {isa = PBXFileReference; lastKnownFileType = sourcecode.swift; path = UserAboutView.swift; sourceTree = "<group>"; };
		219A377B2FFD0AD000429F8B /* SkillsView.swift */ = {isa = PBXFileReference; lastKnownFileType = sourcecode.swift; path = SkillsView.swift; sourceTree = "<group>"; };
		219A377F2FFD14B900429F8B /* SkillModel.swift */ = {isa = PBXFileReference; lastKnownFileType = sourcecode.swift; path = SkillModel.swift; sourceTree = "<group>"; };
		219A378C2FFD16BF00429F8B /* SubjectModel.swift */ = {isa = PBXFileReference; lastKnownFileType = sourcecode.swift; path = SubjectModel.swift; sourceTree = "<group>"; };
		219A378F2FFD1DA800429F8B /* HeaderView.swift */ = {isa = PBXFileReference; lastKnownFileType = sourcecode.swift; path = HeaderView.swift; sourceTree = "<group>"; };
		219A37962FFD247500429F8B /* ProfileSetting.swift */ = {isa = PBXFileReference; lastKnownFileType = sourcecode.swift; path = ProfileSetting.swift; sourceTree = "<group>"; };
		219A379A2FFD2DCC00429F8B /* ProfileEditView.swift */ = {isa = PBXFileReference; lastKnownFileType = sourcecode.swift; path = ProfileEditView.swift; sourceTree = "<group>"; };
		21B9F5172FFE2A4200C084EF /* UserEditHeaderView.swift */ = {isa = PBXFileReference; lastKnownFileType = sourcecode.swift; path = UserEditHeaderView.swift; sourceTree = "<group>"; };
		21B9F51A2FFE2A9B00C084EF /* CustomTextField.swift */ = {isa = PBXFileReference; lastKnownFileType = sourcecode.swift; path = CustomTextField.swift; sourceTree = "<group>"; };
		21B9F51D2FFE2ACC00C084EF /* UserEditFieldsView.swift */ = {isa = PBXFileReference; lastKnownFileType = sourcecode.swift; path = UserEditFieldsView.swift; sourceTree = "<group>"; };
		21B9F5202FFE2B0800C084EF /* HeroSectionView.swift */ = {isa = PBXFileReference; lastKnownFileType = sourcecode.swift; path = HeroSectionView.swift; sourceTree = "<group>"; };
		21B9F5232FFE2B3300C084EF /* UserImageView.swift */ = {isa = PBXFileReference; lastKnownFileType = sourcecode.swift; path = UserImageView.swift; sourceTree = "<group>"; };
		21B9F5262FFE4BE500C084EF /* AcadamicInfoView.swift */ = {isa = PBXFileReference; lastKnownFileType = sourcecode.swift; path = AcadamicInfoView.swift; sourceTree = "<group>"; };
		21B9F5292FFE56C300C084EF /* UserPersonalView.swift */ = {isa = PBXFileReference; lastKnownFileType = sourcecode.swift; path = UserPersonalView.swift; sourceTree = "<group>"; };
		21B9F52D2FFE5DBD00C084EF /* DetailAcadamicView.swift */ = {isa = PBXFileReference; lastKnownFileType = sourcecode.swift; path = DetailAcadamicView.swift; sourceTree = "<group>"; };
		21B9F5322FFE617400C084EF /* StudentProfileModel.xcdatamodel */ = {isa = PBXFileReference; lastKnownFileType = wrapper.xcdatamodel; path = StudentProfileModel.xcdatamodel; sourceTree = "<group>"; };
		21B9F53A2FFE626400C084EF /* PersistenceController.swift */ = {isa = PBXFileReference; lastKnownFileType = sourcecode.swift; path = PersistenceController.swift; sourceTree = "<group>"; };
		21B9F53E2FFE72C500C084EF /* Extensions.swift */ = {isa = PBXFileReference; lastKnownFileType = sourcecode.swift; path = Extensions.swift; sourceTree = "<group>"; };
/* End PBXFileReference section */

/* Begin PBXFrameworksBuildPhase section */
		219A375A2FFCDC1400429F8B /* Frameworks */ = {
			isa = PBXFrameworksBuildPhase;
			buildActionMask = 2147483647;
			files = (
			);
			runOnlyForDeploymentPostprocessing = 0;
		};
/* End PBXFrameworksBuildPhase section */

/* Begin PBXGroup section */
		2138A7352FFF875C0025A8AC /* EditAcadamicScreen */ = {
			isa = PBXGroup;
			children = (
				2138A7362FFF877F0025A8AC /* AcadamicEditView.swift */,
				2138A7412FFFA9140025A8AC /* AcademicInputField.swift */,
				2138A7442FFFA95A0025A8AC /* AcadamicEditHeaderView.swift */,
				2138A7492FFFAAA50025A8AC /* AcadamicInstitutionEditView.swift */,
				2138A74C2FFFABDB0025A8AC /* AcadamicEdit_Id_Performance.swift */,
				2138A74F2FFFACD70025A8AC /* AcadamicEditCreditView.swift */,
			);
			path = EditAcadamicScreen;
			sourceTree = "<group>";
		};
		219A37542FFCDC1400429F8B = {
			isa = PBXGroup;
			children = (
				219A375F2FFCDC1400429F8B /* StudentProfile */,
				219A375E2FFCDC1400429F8B /* Products */,
			);
			sourceTree = "<group>";
		};
		219A375E2FFCDC1400429F8B /* Products */ = {
			isa = PBXGroup;
			children = (
				219A375D2FFCDC1400429F8B /* StudentProfile.app */,
			);
			name = Products;
			sourceTree = "<group>";
		};
		219A375F2FFCDC1400429F8B /* StudentProfile */ = {
			isa = PBXGroup;
			children = (
				21B9F53D2FFE72A900C084EF /* Extensions */,
				21B9F5352FFE623A00C084EF /* Controller */,
				219A377E2FFD14AB00429F8B /* Models */,
				219A37702FFD08D300429F8B /* Views */,
				219A37602FFCDC1400429F8B /* StudentProfileApp.swift */,
				219A37622FFCDC1400429F8B /* ContentView.swift */,
				219A37642FFCDC1700429F8B /* Assets.xcassets */,
				219A37692FFCDC1700429F8B /* Info.plist */,
				219A37662FFCDC1700429F8B /* Preview Content */,
			);
			path = StudentProfile;
			sourceTree = "<group>";
		};
		219A37662FFCDC1700429F8B /* Preview Content */ = {
			isa = PBXGroup;
			children = (
				219A37672FFCDC1700429F8B /* Preview Assets.xcassets */,
			);
			path = "Preview Content";
			sourceTree = "<group>";
		};
		219A37702FFD08D300429F8B /* Views */ = {
			isa = PBXGroup;
			children = (
				2138A7352FFF875C0025A8AC /* EditAcadamicScreen */,
				21B9F52C2FFE5D9800C084EF /* AcadamicScreen */,
				219A37992FFD2DAC00429F8B /* EditProfileScreen */,
				219A37862FFD15E100429F8B /* ProfileScreen */,
			);
			path = Views;
			sourceTree = "<group>";
		};
		219A377E2FFD14AB00429F8B /* Models */ = {
			isa = PBXGroup;
			children = (
				21B9F5312FFE617400C084EF /* StudentProfileModel.xcdatamodeld */,
				219A377F2FFD14B900429F8B /* SkillModel.swift */,
				219A378C2FFD16BF00429F8B /* SubjectModel.swift */,
				219A37962FFD247500429F8B /* ProfileSetting.swift */,
				13DA89193000CED300982B69 /* AcadamicModel.swift */,
			);
			path = Models;
			sourceTree = "<group>";
		};
		219A37862FFD15E100429F8B /* ProfileScreen */ = {
			isa = PBXGroup;
			children = (
				219A37712FFD08EC00429F8B /* CardView.swift */,
				219A37752FFD096000429F8B /* UserProfileView.swift */,
				219A37782FFD0A4300429F8B /* UserAboutView.swift */,
				219A377B2FFD0AD000429F8B /* SkillsView.swift */,
				219A378F2FFD1DA800429F8B /* HeaderView.swift */,
				21B9F5262FFE4BE500C084EF /* AcadamicInfoView.swift */,
				21B9F5292FFE56C300C084EF /* UserPersonalView.swift */,
				2138A73E2FFFA3C20025A8AC /* ProfileUnavailableView.swift */,
			);
			path = ProfileScreen;
			sourceTree = "<group>";
		};
		219A37992FFD2DAC00429F8B /* EditProfileScreen */ = {
			isa = PBXGroup;
			children = (
				219A379A2FFD2DCC00429F8B /* ProfileEditView.swift */,
				21B9F5172FFE2A4200C084EF /* UserEditHeaderView.swift */,
				21B9F51A2FFE2A9B00C084EF /* CustomTextField.swift */,
				21B9F51D2FFE2ACC00C084EF /* UserEditFieldsView.swift */,
				21B9F5202FFE2B0800C084EF /* HeroSectionView.swift */,
				21B9F5232FFE2B3300C084EF /* UserImageView.swift */,
			);
			path = EditProfileScreen;
			sourceTree = "<group>";
		};
		21B9F52C2FFE5D9800C084EF /* AcadamicScreen */ = {
			isa = PBXGroup;
			children = (
				21B9F52D2FFE5DBD00C084EF /* DetailAcadamicView.swift */,
				2138A7292FFF7F6B0025A8AC /* DetailAcadamicHeaderView.swift */,
				2138A72F2FFF80B70025A8AC /* DetailAcadamicCoreMetrixView.swift */,
				2138A7322FFF81A20025A8AC /* DetailAcadamicEnrolledSubjectView.swift */,
				134CB3BA2FFFCA0C003AB703 /* DetailAcadamicInstitutionView.swift */,
			);
			path = AcadamicScreen;
			sourceTree = "<group>";
		};
		21B9F5352FFE623A00C084EF /* Controller */ = {
			isa = PBXGroup;
			children = (
				21B9F53A2FFE626400C084EF /* PersistenceController.swift */,
			);
			path = Controller;
			sourceTree = "<group>";
		};
		21B9F53D2FFE72A900C084EF /* Extensions */ = {
			isa = PBXGroup;
			children = (
				21B9F53E2FFE72C500C084EF /* Extensions.swift */,
			);
			path = Extensions;
			sourceTree = "<group>";
		};
/* End PBXGroup section */

/* Begin PBXNativeTarget section */
		219A375C2FFCDC1400429F8B /* StudentProfile */ = {
			isa = PBXNativeTarget;
			buildConfigurationList = 219A376C2FFCDC1700429F8B /* Build configuration list for PBXNativeTarget "StudentProfile" */;
			buildPhases = (
				219A37592FFCDC1400429F8B /* Sources */,
				219A375A2FFCDC1400429F8B /* Frameworks */,
				219A375B2FFCDC1400429F8B /* Resources */,
			);
			buildRules = (
			);
			dependencies = (
			);
			name = StudentProfile;
			productName = StudentProfile;
			productReference = 219A375D2FFCDC1400429F8B /* StudentProfile.app */;
			productType = "com.apple.product-type.application";
		};
/* End PBXNativeTarget section */

/* Begin PBXProject section */
		219A37552FFCDC1400429F8B /* Project object */ = {
			isa = PBXProject;
			attributes = {
				LastSwiftUpdateCheck = 1240;
				LastUpgradeCheck = 1240;
				TargetAttributes = {
					219A375C2FFCDC1400429F8B = {
						CreatedOnToolsVersion = 12.4;
					};
				};
			};
			buildConfigurationList = 219A37582FFCDC1400429F8B /* Build configuration list for PBXProject "StudentProfile" */;
			compatibilityVersion = "Xcode 9.3";
			developmentRegion = en;
			hasScannedForEncodings = 0;
			knownRegions = (
				en,
				Base,
			);
			mainGroup = 219A37542FFCDC1400429F8B;
			productRefGroup = 219A375E2FFCDC1400429F8B /* Products */;
			projectDirPath = "";
			projectRoot = "";
			targets = (
				219A375C2FFCDC1400429F8B /* StudentProfile */,
			);
		};
/* End PBXProject section */

/* Begin PBXResourcesBuildPhase section */
		219A375B2FFCDC1400429F8B /* Resources */ = {
			isa = PBXResourcesBuildPhase;
			buildActionMask = 2147483647;
			files = (
				219A37682FFCDC1700429F8B /* Preview Assets.xcassets in Resources */,
				219A37652FFCDC1700429F8B /* Assets.xcassets in Resources */,
			);
			runOnlyForDeploymentPostprocessing = 0;
		};
/* End PBXResourcesBuildPhase section */

/* Begin PBXSourcesBuildPhase section */
		219A37592FFCDC1400429F8B /* Sources */ = {
			isa = PBXSourcesBuildPhase;
			buildActionMask = 2147483647;
			files = (
				21B9F53F2FFE72C500C084EF /* Extensions.swift in Sources */,
				2138A74D2FFFABDB0025A8AC /* AcadamicEdit_Id_Performance.swift in Sources */,
				21B9F51B2FFE2A9B00C084EF /* CustomTextField.swift in Sources */,
				2138A7422FFFA9140025A8AC /* AcademicInputField.swift in Sources */,
				2138A73F2FFFA3C20025A8AC /* ProfileUnavailableView.swift in Sources */,
				21B9F5182FFE2A4200C084EF /* UserEditHeaderView.swift in Sources */,
				2138A7332FFF81A20025A8AC /* DetailAcadamicEnrolledSubjectView.swift in Sources */,
				2138A7452FFFA95A0025A8AC /* AcadamicEditHeaderView.swift in Sources */,
				21B9F5332FFE617400C084EF /* StudentProfileModel.xcdatamodeld in Sources */,
				2138A7372FFF877F0025A8AC /* AcadamicEditView.swift in Sources */,
				219A377C2FFD0AD000429F8B /* SkillsView.swift in Sources */,
				219A37632FFCDC1400429F8B /* ContentView.swift in Sources */,
				219A37972FFD247500429F8B /* ProfileSetting.swift in Sources */,
				219A37722FFD08EC00429F8B /* CardView.swift in Sources */,
				21B9F52A2FFE56C300C084EF /* UserPersonalView.swift in Sources */,
				134CB3BB2FFFCA0C003AB703 /* DetailAcadamicInstitutionView.swift in Sources */,
				219A37802FFD14B900429F8B /* SkillModel.swift in Sources */,
				21B9F5242FFE2B3300C084EF /* UserImageView.swift in Sources */,
				2138A72A2FFF7F6B0025A8AC /* DetailAcadamicHeaderView.swift in Sources */,
				219A37612FFCDC1400429F8B /* StudentProfileApp.swift in Sources */,
				21B9F5272FFE4BE500C084EF /* AcadamicInfoView.swift in Sources */,
				219A37902FFD1DA800429F8B /* HeaderView.swift in Sources */,
				21B9F52E2FFE5DBD00C084EF /* DetailAcadamicView.swift in Sources */,
				2138A7502FFFACD70025A8AC /* AcadamicEditCreditView.swift in Sources */,
				219A378D2FFD16BF00429F8B /* SubjectModel.swift in Sources */,
				21B9F53B2FFE626400C084EF /* PersistenceController.swift in Sources */,
				219A37792FFD0A4300429F8B /* UserAboutView.swift in Sources */,
				219A37762FFD096000429F8B /* UserProfileView.swift in Sources */,
				219A379B2FFD2DCC00429F8B /* ProfileEditView.swift in Sources */,
				2138A7302FFF80B70025A8AC /* DetailAcadamicCoreMetrixView.swift in Sources */,
				13DA891A3000CEE000982B69 /* AcadamicModel.swift in Sources */,
				21B9F5212FFE2B0800C084EF /* HeroSectionView.swift in Sources */,
				2138A74A2FFFAAA50025A8AC /* AcadamicInstitutionEditView.swift in Sources */,
				21B9F51E2FFE2ACC00C084EF /* UserEditFieldsView.swift in Sources */,
			);
			runOnlyForDeploymentPostprocessing = 0;
		};
/* End PBXSourcesBuildPhase section */

/* Begin XCBuildConfiguration section */
		219A376A2FFCDC1700429F8B /* Debug */ = {
			isa = XCBuildConfiguration;
			buildSettings = {
				ALWAYS_SEARCH_USER_PATHS = NO;
				CLANG_ANALYZER_NONNULL = YES;
				CLANG_ANALYZER_NUMBER_OBJECT_CONVERSION = YES_AGGRESSIVE;
				CLANG_CXX_LANGUAGE_STANDARD = "gnu++14";
				CLANG_CXX_LIBRARY = "libc++";
				CLANG_ENABLE_MODULES = YES;
				CLANG_ENABLE_OBJC_ARC = YES;
				CLANG_ENABLE_OBJC_WEAK = YES;
				CLANG_WARN_BLOCK_CAPTURE_AUTORELEASING = YES;
				CLANG_WARN_BOOL_CONVERSION = YES;
				CLANG_WARN_COMMA = YES;
				CLANG_WARN_CONSTANT_CONVERSION = YES;
				CLANG_WARN_DEPRECATED_OBJC_IMPLEMENTATIONS = YES;
				CLANG_WARN_DIRECT_OBJC_ISA_USAGE = YES_ERROR;
				CLANG_WARN_DOCUMENTATION_COMMENTS = YES;
				CLANG_WARN_EMPTY_BODY = YES;
				CLANG_WARN_ENUM_CONVERSION = YES;
				CLANG_WARN_INFINITE_RECURSION = YES;
				CLANG_WARN_INT_CONVERSION = YES;
				CLANG_WARN_NON_LITERAL_NULL_CONVERSION = YES;
				CLANG_WARN_OBJC_IMPLICIT_RETAIN_SELF = YES;
				CLANG_WARN_OBJC_LITERAL_CONVERSION = YES;
				CLANG_WARN_OBJC_ROOT_CLASS = YES_ERROR;
				CLANG_WARN_QUOTED_INCLUDE_IN_FRAMEWORK_HEADER = YES;
				CLANG_WARN_RANGE_LOOP_ANALYSIS = YES;
				CLANG_WARN_STRICT_PROTOTYPES = YES;
				CLANG_WARN_SUSPICIOUS_MOVE = YES;
				CLANG_WARN_UNGUARDED_AVAILABILITY = YES_AGGRESSIVE;
				CLANG_WARN_UNREACHABLE_CODE = YES;
				CLANG_WARN__DUPLICATE_METHOD_MATCH = YES;
				COPY_PHASE_STRIP = NO;
				DEBUG_INFORMATION_FORMAT = dwarf;
				ENABLE_STRICT_OBJC_MSGSEND = YES;
				ENABLE_TESTABILITY = YES;
				GCC_C_LANGUAGE_STANDARD = gnu11;
				GCC_DYNAMIC_NO_PIC = NO;
				GCC_NO_COMMON_BLOCKS = YES;
				GCC_OPTIMIZATION_LEVEL = 0;
				GCC_PREPROCESSOR_DEFINITIONS = (
					"DEBUG=1",
					"$(inherited)",
				);
				GCC_WARN_64_TO_32_BIT_CONVERSION = YES;
				GCC_WARN_ABOUT_RETURN_TYPE = YES_ERROR;
				GCC_WARN_UNDECLARED_SELECTOR = YES;
				GCC_WARN_UNINITIALIZED_AUTOS = YES_AGGRESSIVE;
				GCC_WARN_UNUSED_FUNCTION = YES;
				GCC_WARN_UNUSED_VARIABLE = YES;
				IPHONEOS_DEPLOYMENT_TARGET = 14.4;
				MTL_ENABLE_DEBUG_INFO = INCLUDE_SOURCE;
				MTL_FAST_MATH = YES;
				ONLY_ACTIVE_ARCH = YES;
				SDKROOT = iphoneos;
				SWIFT_ACTIVE_COMPILATION_CONDITIONS = DEBUG;
				SWIFT_OPTIMIZATION_LEVEL = "-Onone";
			};
			name = Debug;
		};
		219A376B2FFCDC1700429F8B /* Release */ = {
			isa = XCBuildConfiguration;
			buildSettings = {
				ALWAYS_SEARCH_USER_PATHS = NO;
				CLANG_ANALYZER_NONNULL = YES;
				CLANG_ANALYZER_NUMBER_OBJECT_CONVERSION = YES_AGGRESSIVE;
				CLANG_CXX_LANGUAGE_STANDARD = "gnu++14";
				CLANG_CXX_LIBRARY = "libc++";
				CLANG_ENABLE_MODULES = YES;
				CLANG_ENABLE_OBJC_ARC = YES;
				CLANG_ENABLE_OBJC_WEAK = YES;
				CLANG_WARN_BLOCK_CAPTURE_AUTORELEASING = YES;
				CLANG_WARN_BOOL_CONVERSION = YES;
				CLANG_WARN_COMMA = YES;
				CLANG_WARN_CONSTANT_CONVERSION = YES;
				CLANG_WARN_DEPRECATED_OBJC_IMPLEMENTATIONS = YES;
				CLANG_WARN_DIRECT_OBJC_ISA_USAGE = YES_ERROR;
				CLANG_WARN_DOCUMENTATION_COMMENTS = YES;
				CLANG_WARN_EMPTY_BODY = YES;
				CLANG_WARN_ENUM_CONVERSION = YES;
				CLANG_WARN_INFINITE_RECURSION = YES;
				CLANG_WARN_INT_CONVERSION = YES;
				CLANG_WARN_NON_LITERAL_NULL_CONVERSION = YES;
				CLANG_WARN_OBJC_IMPLICIT_RETAIN_SELF = YES;
				CLANG_WARN_OBJC_LITERAL_CONVERSION = YES;
				CLANG_WARN_OBJC_ROOT_CLASS = YES_ERROR;
				CLANG_WARN_QUOTED_INCLUDE_IN_FRAMEWORK_HEADER = YES;
				CLANG_WARN_RANGE_LOOP_ANALYSIS = YES;
				CLANG_WARN_STRICT_PROTOTYPES = YES;
				CLANG_WARN_SUSPICIOUS_MOVE = YES;
				CLANG_WARN_UNGUARDED_AVAILABILITY = YES_AGGRESSIVE;
				CLANG_WARN_UNREACHABLE_CODE = YES;
				CLANG_WARN__DUPLICATE_METHOD_MATCH = YES;
				COPY_PHASE_STRIP = NO;
				DEBUG_INFORMATION_FORMAT = "dwarf-with-dsym";
				ENABLE_NS_ASSERTIONS = NO;
				ENABLE_STRICT_OBJC_MSGSEND = YES;
				GCC_C_LANGUAGE_STANDARD = gnu11;
				GCC_NO_COMMON_BLOCKS = YES;
				GCC_WARN_64_TO_32_BIT_CONVERSION = YES;
				GCC_WARN_ABOUT_RETURN_TYPE = YES_ERROR;
				GCC_WARN_UNDECLARED_SELECTOR = YES;
				GCC_WARN_UNINITIALIZED_AUTOS = YES_AGGRESSIVE;
				GCC_WARN_UNUSED_FUNCTION = YES;
				GCC_WARN_UNUSED_VARIABLE = YES;
				IPHONEOS_DEPLOYMENT_TARGET = 14.4;
				MTL_ENABLE_DEBUG_INFO = NO;
				MTL_FAST_MATH = YES;
				SDKROOT = iphoneos;
				SWIFT_COMPILATION_MODE = wholemodule;
				SWIFT_OPTIMIZATION_LEVEL = "-O";
				VALIDATE_PRODUCT = YES;
			};
			name = Release;
		};
		219A376D2FFCDC1700429F8B /* Debug */ = {
			isa = XCBuildConfiguration;
			buildSettings = {
				ASSETCATALOG_COMPILER_APPICON_NAME = AppIcon;
				ASSETCATALOG_COMPILER_GLOBAL_ACCENT_COLOR_NAME = AccentColor;
				CODE_SIGN_STYLE = Automatic;
				DEVELOPMENT_ASSET_PATHS = "\"StudentProfile/Preview Content\"";
				ENABLE_PREVIEWS = YES;
				INFOPLIST_FILE = StudentProfile/Info.plist;
				IPHONEOS_DEPLOYMENT_TARGET = 14.0;
				LD_RUNPATH_SEARCH_PATHS = (
					"$(inherited)",
					"@executable_path/Frameworks",
				);
				PRODUCT_BUNDLE_IDENTIFIER = com.Nitin.StudentProfile;
				PRODUCT_NAME = "$(TARGET_NAME)";
				SWIFT_VERSION = 5.0;
				TARGETED_DEVICE_FAMILY = "1,2";
			};
			name = Debug;
		};
		219A376E2FFCDC1700429F8B /* Release */ = {
			isa = XCBuildConfiguration;
			buildSettings = {
				ASSETCATALOG_COMPILER_APPICON_NAME = AppIcon;
				ASSETCATALOG_COMPILER_GLOBAL_ACCENT_COLOR_NAME = AccentColor;
				CODE_SIGN_STYLE = Automatic;
				DEVELOPMENT_ASSET_PATHS = "\"StudentProfile/Preview Content\"";
				ENABLE_PREVIEWS = YES;
				INFOPLIST_FILE = StudentProfile/Info.plist;
				IPHONEOS_DEPLOYMENT_TARGET = 14.0;
				LD_RUNPATH_SEARCH_PATHS = (
					"$(inherited)",
					"@executable_path/Frameworks",
				);
				PRODUCT_BUNDLE_IDENTIFIER = com.Nitin.StudentProfile;
				PRODUCT_NAME = "$(TARGET_NAME)";
				SWIFT_VERSION = 5.0;
				TARGETED_DEVICE_FAMILY = "1,2";
			};
			name = Release;
		};
/* End XCBuildConfiguration section */

/* Begin XCConfigurationList section */
		219A37582FFCDC1400429F8B /* Build configuration list for PBXProject "StudentProfile" */ = {
			isa = XCConfigurationList;
			buildConfigurations = (
				219A376A2FFCDC1700429F8B /* Debug */,
				219A376B2FFCDC1700429F8B /* Release */,
			);
			defaultConfigurationIsVisible = 0;
			defaultConfigurationName = Release;
		};
		219A376C2FFCDC1700429F8B /* Build configuration list for PBXNativeTarget "StudentProfile" */ = {
			isa = XCConfigurationList;
			buildConfigurations = (
				219A376D2FFCDC1700429F8B /* Debug */,
				219A376E2FFCDC1700429F8B /* Release */,
			);
			defaultConfigurationIsVisible = 0;
			defaultConfigurationName = Release;
		};
/* End XCConfigurationList section */

/* Begin XCVersionGroup section */
		21B9F5312FFE617400C084EF /* StudentProfileModel.xcdatamodeld */ = {
			isa = XCVersionGroup;
			children = (
				21B9F5322FFE617400C084EF /* StudentProfileModel.xcdatamodel */,
			);
			currentVersion = 21B9F5322FFE617400C084EF /* StudentProfileModel.xcdatamodel */;
			path = StudentProfileModel.xcdatamodeld;
			sourceTree = "<group>";
			versionGroupType = wrapper.xcdatamodel;
		};
/* End XCVersionGroup section */
	};
	rootObject = 219A37552FFCDC1400429F8B /* Project object */;
}
